lockfileVersion: '9.0'

settings:
  autoInstallPeers: true
  excludeLinksFromLockfile: false

importers:

  .:
    dependencies:
      type-fest:
        specifier: 4.23.0
        version: 4.23.0

packages:

  type-fest@4.23.0:
    resolution: {integrity: sha512-ZiBujro2ohr5+Z/hZWHESLz3g08BBdrdLMieYFULJO+tWc437sn8kQsWLJoZErY8alNhxre9K4p3GURAG11n+w==}
    engines: {node: '>=16'}

snapshots:

  type-fest@4.23.0: {}
