lockfileVersion: '9.0'

settings:
  autoInstallPeers: true
  excludeLinksFromLockfile: false

importers:

  .:
    dependencies:
      type-fest:
        specifier: 4.26.0
        version: 4.26.0

packages:

  type-fest@4.26.0:
    resolution: {integrity: sha512-OduNjVJsFbifKb57UqZ2EMP1i4u64Xwow3NYXUtBbD4vIwJdQd4+xl8YDou1dlm4DVrtwT/7Ky8z8WyCULVfxw==}
    engines: {node: '>=16'}

snapshots:

  type-fest@4.26.0: {}
